
Microsoft Visual Studio Solution File, Format Version 12.00
# Visual Studio Version 17
VisualStudioVersion = 17.8.34322.80
MinimumVisualStudioVersion = 10.0.40219.1
Project("{9A19103F-16F7-4668-BE54-9A1E7A4F7556}") = "App.Repositories", "Repositories\App.Repositories.csproj", "{AEC58807-B571-40D7-B1C7-7EBC6977D325}"
EndProject
Project("{9A19103F-16F7-4668-BE54-9A1E7A4F7556}") = "App.Services", "Services\App.Services.csproj", "{7988BEF8-CDB6-47E4-8FE1-AFBEC40F2FE9}"
EndProject
Project("{9A19103F-16F7-4668-BE54-9A1E7A4F7556}") = "App.API", "App.API\App.API.csproj", "{18BA8893-BC6B-4B15-BCA7-1BADE7EEA832}"
EndProject
Project("{2150E333-8FDC-42A3-9474-1A3956D46DE8}") = "NLayer", "NLayer", "{E8B161D7-DCC9-4C2A-AAA8-22A6A64580D8}"
EndProject
Project("{2150E333-8FDC-42A3-9474-1A3956D46DE8}") = "CleanArchitecture", "CleanArchitecture", "{1315491A-E71F-4D62-8B65-9E8245498878}"
EndProject
Project("{2150E333-8FDC-42A3-9474-1A3956D46DE8}") = "Src", "Src", "{B20A4BAB-C184-4397-A48C-2F18580A79F0}"
EndProject
Project("{2150E333-8FDC-42A3-9474-1A3956D46DE8}") = "Test", "Test", "{7B646435-340F-4CB5-8DBC-39B1A25B3533}"
EndProject
Project("{2150E333-8FDC-42A3-9474-1A3956D46DE8}") = "Core", "Core", "{0D56FA95-61C0-4343-B8B5-2309E685EB08}"
EndProject
Project("{FAE04EC0-301F-11D3-BF4B-00C04F79EFBC}") = "App.Domain", "App.Domain\App.Domain.csproj", "{2426E9CE-08C0-4F87-801F-C7A36CCB7EB1}"
EndProject
Project("{FAE04EC0-301F-11D3-BF4B-00C04F79EFBC}") = "App.Application", "App.Application\App.Application.csproj", "{1138A360-EAAB-40AA-AD7E-80B03AC15B27}"
EndProject
Project("{2150E333-8FDC-42A3-9474-1A3956D46DE8}") = "Infrastructure", "Infrastructure", "{ABEA48E8-95F6-425E-A851-959319431C8B}"
EndProject
Project("{FAE04EC0-301F-11D3-BF4B-00C04F79EFBC}") = "App.Persistence", "App.Persistence\App.Persistence.csproj", "{1132BA65-4CB4-4F01-B6C7-642CBA0C614B}"
EndProject
Project("{2150E333-8FDC-42A3-9474-1A3956D46DE8}") = "API", "API", "{DC95B4C8-6025-43AD-A64D-C743A48DEC71}"
EndProject
Project("{FAE04EC0-301F-11D3-BF4B-00C04F79EFBC}") = "CleanApp.API", "CleanApp.API\CleanApp.API.csproj", "{CFF6B92C-74BE-49DD-901A-0B4ECACD368D}"
EndProject
Global
	GlobalSection(SolutionConfigurationPlatforms) = preSolution
		Debug|Any CPU = Debug|Any CPU
		Release|Any CPU = Release|Any CPU
	EndGlobalSection
	GlobalSection(ProjectConfigurationPlatforms) = postSolution
		{AEC58807-B571-40D7-B1C7-7EBC6977D325}.Debug|Any CPU.ActiveCfg = Debug|Any CPU
		{AEC58807-B571-40D7-B1C7-7EBC6977D325}.Debug|Any CPU.Build.0 = Debug|Any CPU
		{AEC58807-B571-40D7-B1C7-7EBC6977D325}.Release|Any CPU.ActiveCfg = Release|Any CPU
		{AEC58807-B571-40D7-B1C7-7EBC6977D325}.Release|Any CPU.Build.0 = Release|Any CPU
		{7988BEF8-CDB6-47E4-8FE1-AFBEC40F2FE9}.Debug|Any CPU.ActiveCfg = Debug|Any CPU
		{7988BEF8-CDB6-47E4-8FE1-AFBEC40F2FE9}.Debug|Any CPU.Build.0 = Debug|Any CPU
		{7988BEF8-CDB6-47E4-8FE1-AFBEC40F2FE9}.Release|Any CPU.ActiveCfg = Release|Any CPU
		{7988BEF8-CDB6-47E4-8FE1-AFBEC40F2FE9}.Release|Any CPU.Build.0 = Release|Any CPU
		{18BA8893-BC6B-4B15-BCA7-1BADE7EEA832}.Debug|Any CPU.ActiveCfg = Debug|Any CPU
		{18BA8893-BC6B-4B15-BCA7-1BADE7EEA832}.Debug|Any CPU.Build.0 = Debug|Any CPU
		{18BA8893-BC6B-4B15-BCA7-1BADE7EEA832}.Release|Any CPU.ActiveCfg = Release|Any CPU
		{18BA8893-BC6B-4B15-BCA7-1BADE7EEA832}.Release|Any CPU.Build.0 = Release|Any CPU
		{2426E9CE-08C0-4F87-801F-C7A36CCB7EB1}.Debug|Any CPU.ActiveCfg = Debug|Any CPU
		{2426E9CE-08C0-4F87-801F-C7A36CCB7EB1}.Debug|Any CPU.Build.0 = Debug|Any CPU
		{2426E9CE-08C0-4F87-801F-C7A36CCB7EB1}.Release|Any CPU.ActiveCfg = Release|Any CPU
		{2426E9CE-08C0-4F87-801F-C7A36CCB7EB1}.Release|Any CPU.Build.0 = Release|Any CPU
		{1138A360-EAAB-40AA-AD7E-80B03AC15B27}.Debug|Any CPU.ActiveCfg = Debug|Any CPU
		{1138A360-EAAB-40AA-AD7E-80B03AC15B27}.Debug|Any CPU.Build.0 = Debug|Any CPU
		{1138A360-EAAB-40AA-AD7E-80B03AC15B27}.Release|Any CPU.ActiveCfg = Release|Any CPU
		{1138A360-EAAB-40AA-AD7E-80B03AC15B27}.Release|Any CPU.Build.0 = Release|Any CPU
		{1132BA65-4CB4-4F01-B6C7-642CBA0C614B}.Debug|Any CPU.ActiveCfg = Debug|Any CPU
		{1132BA65-4CB4-4F01-B6C7-642CBA0C614B}.Debug|Any CPU.Build.0 = Debug|Any CPU
		{1132BA65-4CB4-4F01-B6C7-642CBA0C614B}.Release|Any CPU.ActiveCfg = Release|Any CPU
		{1132BA65-4CB4-4F01-B6C7-642CBA0C614B}.Release|Any CPU.Build.0 = Release|Any CPU
		{CFF6B92C-74BE-49DD-901A-0B4ECACD368D}.Debug|Any CPU.ActiveCfg = Debug|Any CPU
		{CFF6B92C-74BE-49DD-901A-0B4ECACD368D}.Debug|Any CPU.Build.0 = Debug|Any CPU
		{CFF6B92C-74BE-49DD-901A-0B4ECACD368D}.Release|Any CPU.ActiveCfg = Release|Any CPU
		{CFF6B92C-74BE-49DD-901A-0B4ECACD368D}.Release|Any CPU.Build.0 = Release|Any CPU
	EndGlobalSection
	GlobalSection(SolutionProperties) = preSolution
		HideSolutionNode = FALSE
	EndGlobalSection
	GlobalSection(NestedProjects) = preSolution
		{AEC58807-B571-40D7-B1C7-7EBC6977D325} = {E8B161D7-DCC9-4C2A-AAA8-22A6A64580D8}
		{7988BEF8-CDB6-47E4-8FE1-AFBEC40F2FE9} = {E8B161D7-DCC9-4C2A-AAA8-22A6A64580D8}
		{18BA8893-BC6B-4B15-BCA7-1BADE7EEA832} = {E8B161D7-DCC9-4C2A-AAA8-22A6A64580D8}
		{B20A4BAB-C184-4397-A48C-2F18580A79F0} = {1315491A-E71F-4D62-8B65-9E8245498878}
		{7B646435-340F-4CB5-8DBC-39B1A25B3533} = {1315491A-E71F-4D62-8B65-9E8245498878}
		{0D56FA95-61C0-4343-B8B5-2309E685EB08} = {B20A4BAB-C184-4397-A48C-2F18580A79F0}
		{2426E9CE-08C0-4F87-801F-C7A36CCB7EB1} = {0D56FA95-61C0-4343-B8B5-2309E685EB08}
		{1138A360-EAAB-40AA-AD7E-80B03AC15B27} = {0D56FA95-61C0-4343-B8B5-2309E685EB08}
		{ABEA48E8-95F6-425E-A851-959319431C8B} = {B20A4BAB-C184-4397-A48C-2F18580A79F0}
		{1132BA65-4CB4-4F01-B6C7-642CBA0C614B} = {ABEA48E8-95F6-425E-A851-959319431C8B}
		{DC95B4C8-6025-43AD-A64D-C743A48DEC71} = {B20A4BAB-C184-4397-A48C-2F18580A79F0}
		{CFF6B92C-74BE-49DD-901A-0B4ECACD368D} = {DC95B4C8-6025-43AD-A64D-C743A48DEC71}
	EndGlobalSection
	GlobalSection(ExtensibilityGlobals) = postSolution
		SolutionGuid = {9187E277-AA68-4FC8-9684-E224200116E3}
	EndGlobalSection
EndGlobal
