
Microsoft Visual Studio Solution File, Format Version 12.00
# Visual Studio Version 17
VisualStudioVersion = 17.8.34322.80
MinimumVisualStudioVersion = 10.0.40219.1
Project("{9A19103F-16F7-4668-BE54-9A1E7A4F7556}") = "App.Repositories", "Repositories\App.Repositories.csproj", "{AEC58807-B571-40D7-B1C7-7EBC6977D325}"
EndProject
Project("{9A19103F-16F7-4668-BE54-9A1E7A4F7556}") = "App.Services", "Services\App.Services.csproj", "{7988BEF8-CDB6-47E4-8FE1-AFBEC40F2FE9}"
EndProject
Project("{FAE04EC0-301F-11D3-BF4B-00C04F79EFBC}") = "App.API", "App.API\App.API.csproj", "{18BA8893-BC6B-4B15-BCA7-1BADE7EEA832}"
EndProject
Global
	GlobalSection(SolutionConfigurationPlatforms) = preSolution
		Debug|Any CPU = Debug|Any CPU
		Release|Any CPU = Release|Any CPU
	EndGlobalSection
	GlobalSection(ProjectConfigurationPlatforms) = postSolution
		{AEC58807-B571-40D7-B1C7-7EBC6977D325}.Debug|Any CPU.ActiveCfg = Debug|Any CPU
		{AEC58807-B571-40D7-B1C7-7EBC6977D325}.Debug|Any CPU.Build.0 = Debug|Any CPU
		{AEC58807-B571-40D7-B1C7-7EBC6977D325}.Release|Any CPU.ActiveCfg = Release|Any CPU
		{AEC58807-B571-40D7-B1C7-7EBC6977D325}.Release|Any CPU.Build.0 = Release|Any CPU
		{7988BEF8-CDB6-47E4-8FE1-AFBEC40F2FE9}.Debug|Any CPU.ActiveCfg = Debug|Any CPU
		{7988BEF8-CDB6-47E4-8FE1-AFBEC40F2FE9}.Debug|Any CPU.Build.0 = Debug|Any CPU
		{7988BEF8-CDB6-47E4-8FE1-AFBEC40F2FE9}.Release|Any CPU.ActiveCfg = Release|Any CPU
		{7988BEF8-CDB6-47E4-8FE1-AFBEC40F2FE9}.Release|Any CPU.Build.0 = Release|Any CPU
		{18BA8893-BC6B-4B15-BCA7-1BADE7EEA832}.Debug|Any CPU.ActiveCfg = Debug|Any CPU
		{18BA8893-BC6B-4B15-BCA7-1BADE7EEA832}.Debug|Any CPU.Build.0 = Debug|Any CPU
		{18BA8893-BC6B-4B15-BCA7-1BADE7EEA832}.Release|Any CPU.ActiveCfg = Release|Any CPU
		{18BA8893-BC6B-4B15-BCA7-1BADE7EEA832}.Release|Any CPU.Build.0 = Release|Any CPU
	EndGlobalSection
	GlobalSection(SolutionProperties) = preSolution
		HideSolutionNode = FALSE
	EndGlobalSection
	GlobalSection(ExtensibilityGlobals) = postSolution
		SolutionGuid = {9187E277-AA68-4FC8-9684-E224200116E3}
	EndGlobalSection
EndGlobal
